
Microsoft Visual Studio Solution File, Format Version 12.00
# Visual Studio Version 17
VisualStudioVersion = 17.12.35707.178
MinimumVisualStudioVersion = 10.0.40219.1
Project("{FAE04EC0-301F-11D3-BF4B-00C04F79EFBC}") = "WebApi", "WebApi\WebApi.csproj", "{201D61E8-8BD1-4DF5-B80C-91A6ABE02A93}"
EndProject
Project("{2150E333-8FDC-42A3-9474-1A3956D46DE8}") = "1-Comun", "1-Comun", "{9D6E3FEE-7A6A-4E48-A59C-C9CDC68E4F83}"
EndProject
Project("{2150E333-8FDC-42A3-9474-1A3956D46DE8}") = "2-Datos", "2-Datos", "{CC1C634D-FFE1-4008-8C1A-E9846D327D9C}"
EndProject
Project("{2150E333-8FDC-42A3-9474-1A3956D46DE8}") = "4-Modelo", "4-Modelo", "{9E8A9224-1CBC-4741-A375-76044A814699}"
EndProject
Project("{2150E333-8FDC-42A3-9474-1A3956D46DE8}") = "5-Rest", "5-Rest", "{97B92599-5295-4408-ACA9-E5B48905483C}"
EndProject
Project("{2150E333-8FDC-42A3-9474-1A3956D46DE8}") = "6-WebAPI", "6-WebAPI", "{8699A487-2B0B-4626-9A74-573AFA2DC678}"
EndProject
Project("{FAE04EC0-301F-11D3-BF4B-00C04F79EFBC}") = "Comun", "Comun\Comun.csproj", "{D8A414FB-24B5-48E8-BAD8-7875884496C6}"
EndProject
Project("{FAE04EC0-301F-11D3-BF4B-00C04F79EFBC}") = "Datos", "Datos\Datos.csproj", "{86B36F35-AD45-4EAB-90F4-FF506DF06D21}"
EndProject
Project("{FAE04EC0-301F-11D3-BF4B-00C04F79EFBC}") = "Modelo", "Modelo\Modelo.csproj", "{2D875107-F66E-4D97-BC70-1BB001D441FE}"
EndProject
Project("{FAE04EC0-301F-11D3-BF4B-00C04F79EFBC}") = "Rest", "Rest\Rest.csproj", "{24C07B53-5C75-4676-BA20-AE5C998DC162}"
EndProject
Project("{2150E333-8FDC-42A3-9474-1A3956D46DE8}") = "3-Logica", "3-Logica", "{B726EF54-1FF7-400B-B8B9-7C371442C42E}"
EndProject
Project("{FAE04EC0-301F-11D3-BF4B-00C04F79EFBC}") = "Logica", "Logica\Logica.csproj", "{C5734350-8A49-41EE-B8A0-BF50A9AE84CF}"
EndProject
Global
	GlobalSection(SolutionConfigurationPlatforms) = preSolution
		Debug|Any CPU = Debug|Any CPU
		Release|Any CPU = Release|Any CPU
	EndGlobalSection
	GlobalSection(ProjectConfigurationPlatforms) = postSolution
		{201D61E8-8BD1-4DF5-B80C-91A6ABE02A93}.Debug|Any CPU.ActiveCfg = Debug|Any CPU
		{201D61E8-8BD1-4DF5-B80C-91A6ABE02A93}.Debug|Any CPU.Build.0 = Debug|Any CPU
		{201D61E8-8BD1-4DF5-B80C-91A6ABE02A93}.Release|Any CPU.ActiveCfg = Release|Any CPU
		{201D61E8-8BD1-4DF5-B80C-91A6ABE02A93}.Release|Any CPU.Build.0 = Release|Any CPU
		{D8A414FB-24B5-48E8-BAD8-7875884496C6}.Debug|Any CPU.ActiveCfg = Debug|Any CPU
		{D8A414FB-24B5-48E8-BAD8-7875884496C6}.Debug|Any CPU.Build.0 = Debug|Any CPU
		{D8A414FB-24B5-48E8-BAD8-7875884496C6}.Release|Any CPU.ActiveCfg = Release|Any CPU
		{D8A414FB-24B5-48E8-BAD8-7875884496C6}.Release|Any CPU.Build.0 = Release|Any CPU
		{86B36F35-AD45-4EAB-90F4-FF506DF06D21}.Debug|Any CPU.ActiveCfg = Debug|Any CPU
		{86B36F35-AD45-4EAB-90F4-FF506DF06D21}.Debug|Any CPU.Build.0 = Debug|Any CPU
		{86B36F35-AD45-4EAB-90F4-FF506DF06D21}.Release|Any CPU.ActiveCfg = Release|Any CPU
		{86B36F35-AD45-4EAB-90F4-FF506DF06D21}.Release|Any CPU.Build.0 = Release|Any CPU
		{2D875107-F66E-4D97-BC70-1BB001D441FE}.Debug|Any CPU.ActiveCfg = Debug|Any CPU
		{2D875107-F66E-4D97-BC70-1BB001D441FE}.Debug|Any CPU.Build.0 = Debug|Any CPU
		{2D875107-F66E-4D97-BC70-1BB001D441FE}.Release|Any CPU.ActiveCfg = Release|Any CPU
		{2D875107-F66E-4D97-BC70-1BB001D441FE}.Release|Any CPU.Build.0 = Release|Any CPU
		{24C07B53-5C75-4676-BA20-AE5C998DC162}.Debug|Any CPU.ActiveCfg = Debug|Any CPU
		{24C07B53-5C75-4676-BA20-AE5C998DC162}.Debug|Any CPU.Build.0 = Debug|Any CPU
		{24C07B53-5C75-4676-BA20-AE5C998DC162}.Release|Any CPU.ActiveCfg = Release|Any CPU
		{24C07B53-5C75-4676-BA20-AE5C998DC162}.Release|Any CPU.Build.0 = Release|Any CPU
		{C5734350-8A49-41EE-B8A0-BF50A9AE84CF}.Debug|Any CPU.ActiveCfg = Debug|Any CPU
		{C5734350-8A49-41EE-B8A0-BF50A9AE84CF}.Debug|Any CPU.Build.0 = Debug|Any CPU
		{C5734350-8A49-41EE-B8A0-BF50A9AE84CF}.Release|Any CPU.ActiveCfg = Release|Any CPU
		{C5734350-8A49-41EE-B8A0-BF50A9AE84CF}.Release|Any CPU.Build.0 = Release|Any CPU
	EndGlobalSection
	GlobalSection(SolutionProperties) = preSolution
		HideSolutionNode = FALSE
	EndGlobalSection
	GlobalSection(NestedProjects) = preSolution
		{201D61E8-8BD1-4DF5-B80C-91A6ABE02A93} = {8699A487-2B0B-4626-9A74-573AFA2DC678}
		{D8A414FB-24B5-48E8-BAD8-7875884496C6} = {9D6E3FEE-7A6A-4E48-A59C-C9CDC68E4F83}
		{86B36F35-AD45-4EAB-90F4-FF506DF06D21} = {CC1C634D-FFE1-4008-8C1A-E9846D327D9C}
		{2D875107-F66E-4D97-BC70-1BB001D441FE} = {9E8A9224-1CBC-4741-A375-76044A814699}
		{24C07B53-5C75-4676-BA20-AE5C998DC162} = {97B92599-5295-4408-ACA9-E5B48905483C}
		{C5734350-8A49-41EE-B8A0-BF50A9AE84CF} = {B726EF54-1FF7-400B-B8B9-7C371442C42E}
	EndGlobalSection
EndGlobal
